<?xml version="1.0" encoding="utf-8"?>
<Project ToolsVersion="4.0" xmlns="http://schemas.microsoft.com/developer/msbuild/2003">
  <ItemGroup>
    <Filter Include="Source Files">
      <UniqueIdentifier>{4FC737F1-C7A5-4376-A066-2A32D752A2FF}</UniqueIdentifier>
      <Extensions>qml;cpp;c;cc;cxx;def;odl;idl;hpj;bat;asm;asmx</Extensions>
    </Filter>
    <Filter Include="Header Files">
      <UniqueIdentifier>{93995380-89BD-4b04-88EB-625FBE52EBFB}</UniqueIdentifier>
      <Extensions>h;hh;hpp;hxx;hm;inl;inc;xsd</Extensions>
    </Filter>
    <Filter Include="Resource Files">
      <UniqueIdentifier>{67DA6AB6-F800-4c08-8B7A-83BB121AAD01}</UniqueIdentifier>
      <Extensions>qrc;rc;ico;cur;bmp;dlg;rc2;rct;bin;rgs;gif;jpg;jpeg;jpe;resx;tiff;tif;png;wav;mfcribbon-ms</Extensions>
    </Filter>
    <Filter Include="Form Files">
      <UniqueIdentifier>{99349809-55BA-4b9d-BF79-8FDBB0286EB3}</UniqueIdentifier>
      <Extensions>ui</Extensions>
    </Filter>
    <Filter Include="Translation Files">
      <UniqueIdentifier>{639EADAA-A684-42e4-A9AD-28FC9BCB8F7C}</UniqueIdentifier>
      <Extensions>ts</Extensions>
    </Filter>
  </ItemGroup>
  <ItemGroup>
    <QtRcc Include="MainWindow.qrc">
      <Filter>Resource Files</Filter>
    </QtRcc>
    <QtUic Include="MainWindow.ui">
      <Filter>Form Files</Filter>
    </QtUic>
    <QtMoc Include="include\MainWindow.h">
      <Filter>Header Files</Filter>
    </QtMoc>
    <ClCompile Include="src\MainWindow.cpp">
      <Filter>Source Files</Filter>
    </ClCompile>
    <QtRcc Include="ads\ads.qrc">
      <Filter>Resource Files</Filter>
    </QtRcc>
  </ItemGroup>
  <ItemGroup>
    <ClCompile Include="src\main.cpp">
      <Filter>Source Files</Filter>
    </ClCompile>
    <ClCompile Include="src\CodeEditor.cpp">
      <Filter>Source Files</Filter>
    </ClCompile>
    <ClCompile Include="ads\ads_globals.cpp">
      <Filter>Source Files</Filter>
    </ClCompile>
    <ClCompile Include="ads\AutoHideDockContainer.cpp">
      <Filter>Source Files</Filter>
    </ClCompile>
    <ClCompile Include="ads\AutoHideSideBar.cpp">
      <Filter>Source Files</Filter>
    </ClCompile>
    <ClCompile Include="ads\AutoHideTab.cpp">
      <Filter>Source Files</Filter>
    </ClCompile>
    <ClCompile Include="ads\DockAreaTabBar.cpp">
      <Filter>Source Files</Filter>
    </ClCompile>
    <ClCompile Include="ads\DockAreaTitleBar.cpp">
      <Filter>Source Files</Filter>
    </ClCompile>
    <ClCompile Include="ads\DockAreaWidget.cpp">
      <Filter>Source Files</Filter>
    </ClCompile>
    <ClCompile Include="ads\DockComponentsFactory.cpp">
      <Filter>Source Files</Filter>
    </ClCompile>
    <ClCompile Include="ads\DockContainerWidget.cpp">
      <Filter>Source Files</Filter>
    </ClCompile>
    <ClCompile Include="ads\DockFocusController.cpp">
      <Filter>Source Files</Filter>
    </ClCompile>
    <ClCompile Include="ads\DockingStateReader.cpp">
      <Filter>Source Files</Filter>
    </ClCompile>
    <ClCompile Include="ads\DockManager.cpp">
      <Filter>Source Files</Filter>
    </ClCompile>
    <ClCompile Include="ads\DockOverlay.cpp">
      <Filter>Source Files</Filter>
    </ClCompile>
    <ClCompile Include="ads\DockSplitter.cpp">
      <Filter>Source Files</Filter>
    </ClCompile>
    <ClCompile Include="ads\DockWidget.cpp">
      <Filter>Source Files</Filter>
    </ClCompile>
    <ClCompile Include="ads\DockWidgetTab.cpp">
      <Filter>Source Files</Filter>
    </ClCompile>
    <ClCompile Include="ads\ElidingLabel.cpp">
      <Filter>Source Files</Filter>
    </ClCompile>
    <ClCompile Include="ads\FloatingDockContainer.cpp">
      <Filter>Source Files</Filter>
    </ClCompile>
    <ClCompile Include="ads\FloatingDragPreview.cpp">
      <Filter>Source Files</Filter>
    </ClCompile>
    <ClCompile Include="ads\IconProvider.cpp">
      <Filter>Source Files</Filter>
    </ClCompile>
    <ClCompile Include="ads\PushButton.cpp">
      <Filter>Source Files</Filter>
    </ClCompile>
    <ClCompile Include="ads\ResizeHandle.cpp">
      <Filter>Source Files</Filter>
    </ClCompile>
    <ClCompile Include="src\NexusEnv.cpp">
      <Filter>Source Files</Filter>
    </ClCompile>
    <ClCompile Include="src\QTerminal.cpp">
      <Filter>Source Files</Filter>
    </ClCompile>
    <ClCompile Include="src\QTerminalImpl.cpp">
      <Filter>Source Files</Filter>
    </ClCompile>
    <ClCompile Include="src\NexusTree.cpp">
      <Filter>Source Files</Filter>
    </ClCompile>
    <ClCompile Include="src\NexusPopups.cpp">
      <Filter>Source Files</Filter>
    </ClCompile>
    <ClCompile Include="src\NexusAsset.cpp">
      <Filter>Source Files</Filter>
    </ClCompile>
    <ClCompile Include="src\NexusDockManager.cpp">
      <Filter>Source Files</Filter>
    </ClCompile>
    <ClCompile Include="src\NexusPlot.cpp">
      <Filter>Source Files</Filter>
    </ClCompile>
    <ClCompile Include="QCustomPlot\qcustomplot.cpp">
      <Filter>Source Files</Filter>
    </ClCompile>
  </ItemGroup>
  <ItemGroup>
    <QtMoc Include="include\CodeEditor.h">
      <Filter>Header Files</Filter>
    </QtMoc>
    <QtMoc Include="ads\ads_globals.h">
      <Filter>Header Files</Filter>
    </QtMoc>
    <QtMoc Include="ads\AutoHideDockContainer.h">
      <Filter>Header Files</Filter>
    </QtMoc>
    <QtMoc Include="ads\AutoHideSideBar.h">
      <Filter>Header Files</Filter>
    </QtMoc>
    <QtMoc Include="ads\AutoHideTab.h">
      <Filter>Header Files</Filter>
    </QtMoc>
    <QtMoc Include="ads\DockAreaTabBar.h">
      <Filter>Header Files</Filter>
    </QtMoc>
    <QtMoc Include="ads\DockAreaTitleBar.h">
      <Filter>Header Files</Filter>
    </QtMoc>
    <QtMoc Include="ads\DockAreaTitleBar_p.h">
      <Filter>Header Files</Filter>
    </QtMoc>
    <QtMoc Include="ads\DockAreaWidget.h">
      <Filter>Header Files</Filter>
    </QtMoc>
    <QtMoc Include="ads\DockContainerWidget.h">
      <Filter>Header Files</Filter>
    </QtMoc>
    <QtMoc Include="ads\DockFocusController.h">
      <Filter>Header Files</Filter>
    </QtMoc>
    <QtMoc Include="ads\DockManager.h">
      <Filter>Header Files</Filter>
    </QtMoc>
    <QtMoc Include="ads\DockOverlay.h">
      <Filter>Header Files</Filter>
    </QtMoc>
    <QtMoc Include="ads\DockSplitter.h">
      <Filter>Header Files</Filter>
    </QtMoc>
    <QtMoc Include="ads\DockWidget.h">
      <Filter>Header Files</Filter>
    </QtMoc>
    <QtMoc Include="ads\DockWidgetTab.h">
      <Filter>Header Files</Filter>
    </QtMoc>
    <QtMoc Include="ads\ElidingLabel.h">
      <Filter>Header Files</Filter>
    </QtMoc>
    <QtMoc Include="ads\FloatingDockContainer.h">
      <Filter>Header Files</Filter>
    </QtMoc>
    <QtMoc Include="ads\FloatingDragPreview.h">
      <Filter>Header Files</Filter>
    </QtMoc>
    <QtMoc Include="ads\PushButton.h">
      <Filter>Header Files</Filter>
    </QtMoc>
    <QtMoc Include="ads\ResizeHandle.h">
      <Filter>Header Files</Filter>
    </QtMoc>
    <QtMoc Include="include\QTerminal.h">
      <Filter>Header Files</Filter>
    </QtMoc>
    <QtMoc Include="include\QTerminalImpl.h">
      <Filter>Header Files</Filter>
    </QtMoc>
    <QtMoc Include="include\NexusTree.h">
      <Filter>Header Files</Filter>
    </QtMoc>
    <QtMoc Include="include\NexusPopups.h">
      <Filter>Header Files</Filter>
    </QtMoc>
    <QtMoc Include="include\NexusAsset.h">
      <Filter>Header Files</Filter>
    </QtMoc>
    <QtMoc Include="include\NexusPlot.h">
      <Filter>Header Files</Filter>
    </QtMoc>
    <QtMoc Include="QCustomPlot\qcustomplot.h">
      <Filter>Header Files</Filter>
    </QtMoc>
  </ItemGroup>
  <ItemGroup>
    <None Include="cpp.hint" />
    <None Include="vs_light.qss" />
    <None Include="styles\NexusTree.qss" />
    <None Include="images\ads_tile_blue_light.svg" />
    <None Include="images\ads_tile_green.svg" />
    <None Include="images\ads_tile_orange.svg" />
    <None Include="images\color_lens.svg" />
    <None Include="images\create_floating_editor.svg" />
    <None Include="images\create_floating_table.svg" />
    <None Include="images\crop_original.svg" />
    <None Include="images\custom-menu-button.svg" />
    <None Include="images\date_range.svg" />
    <None Include="images\docked_editor.svg" />
    <None Include="images\edit.svg" />
    <None Include="images\find_in_page.svg" />
    <None Include="images\folder.svg" />
    <None Include="images\folder_open.svg" />
    <None Include="images\font_download.svg" />
    <None Include="images\fullscreen.svg" />
    <None Include="images\grid_on.svg" />
    <None Include="images\help_outline.svg" />
    <None Include="images\note_add.svg" />
    <None Include="images\panorama.svg" />
    <None Include="images\perm_media.svg" />
    <None Include="images\photo.svg" />
    <None Include="images\picture_in_picture.svg" />
    <None Include="images\plus.svg" />
    <None Include="images\restore.svg" />
    <None Include="images\save.svg" />
    <None Include="images\tab.svg" />
    <None Include="images\zoom_in.svg" />
    <None Include="images\zoom_out.svg" />
    <None Include="images\zoom_out_map.svg" />
  </ItemGroup>
  <ItemGroup>
    <Image Include="images\win\checkbox.png">
      <Filter>Resource Files</Filter>
    </Image>
    <Image Include="images\win\checkbox-checked.png">
      <Filter>Resource Files</Filter>
    </Image>
    <Image Include="images\win\editcopy.png">
      <Filter>Resource Files</Filter>
    </Image>
    <Image Include="images\win\editcut.png">
      <Filter>Resource Files</Filter>
    </Image>
    <Image Include="images\win\editpaste.png">
      <Filter>Resource Files</Filter>
    </Image>
    <Image Include="images\win\editredo.png">
      <Filter>Resource Files</Filter>
    </Image>
    <Image Include="images\win\exportpdf.png">
      <Filter>Resource Files</Filter>
    </Image>
    <Image Include="images\win\filenew.png">
      <Filter>Resource Files</Filter>
    </Image>
    <Image Include="images\win\fileopen.png">
      <Filter>Resource Files</Filter>
    </Image>
    <Image Include="images\win\fileprint.png">
      <Filter>Resource Files</Filter>
    </Image>
    <Image Include="images\win\filesave.png">
      <Filter>Resource Files</Filter>
    </Image>
    <Image Include="images\win\format-indent-less.png">
      <Filter>Resource Files</Filter>
    </Image>
    <Image Include="images\win\format-indent-more.png">
      <Filter>Resource Files</Filter>
    </Image>
    <Image Include="images\win\textbold.png">
      <Filter>Resource Files</Filter>
    </Image>
    <Image Include="images\win\textcenter.png">
      <Filter>Resource Files</Filter>
    </Image>
    <Image Include="images\win\textitalic.png">
      <Filter>Resource Files</Filter>
    </Image>
    <Image Include="images\win\textjustify.png">
      <Filter>Resource Files</Filter>
    </Image>
    <Image Include="images\win\textleft.png">
      <Filter>Resource Files</Filter>
    </Image>
    <Image Include="images\win\textright.png">
      <Filter>Resource Files</Filter>
    </Image>
    <Image Include="images\win\textunder.png">
      <Filter>Resource Files</Filter>
    </Image>
    <Image Include="images\win\textundercolor.png">
      <Filter>Resource Files</Filter>
    </Image>
    <Image Include="images\win\zoomin.png">
      <Filter>Resource Files</Filter>
    </Image>
    <Image Include="images\win\zoomout.png">
      <Filter>Resource Files</Filter>
    </Image>
    <Image Include="images\console.png">
      <Filter>Resource Files</Filter>
    </Image>
  </ItemGroup>
  <ItemGroup>
    <ClInclude Include="ads\DockComponentsFactory.h">
      <Filter>Header Files</Filter>
    </ClInclude>
    <ClInclude Include="ads\DockingStateReader.h">
      <Filter>Header Files</Filter>
    </ClInclude>
    <ClInclude Include="ads\IconProvider.h">
      <Filter>Header Files</Filter>
    </ClInclude>
    <ClInclude Include="include\NexusEnv.h">
      <Filter>Header Files</Filter>
    </ClInclude>
    <ClInclude Include="include\NexusPch.h">
      <Filter>Header Files</Filter>
    </ClInclude>
    <ClInclude Include="include\NexusDockManager.h">
      <Filter>Header Files</Filter>
    </ClInclude>
  </ItemGroup>
  <ItemGroup>
    <Text Include="images\material_icons_license.txt" />
  </ItemGroup>
  <ItemGroup>
    <QtUic Include="ui\NewExchangePopup.ui">
      <Filter>Form Files</Filter>
    </QtUic>
    <QtUic Include="ui\NexusAsset.ui">
      <Filter>Form Files</Filter>
    </QtUic>
    <QtUic Include="ui\NewPortfolioPopup.ui">
      <Filter>Form Files</Filter>
    </QtUic>
  </ItemGroup>
</Project>